
Microsoft Visual Studio Solution File, Format Version 12.00
# Visual Studio for Mac
Project("{FAE04EC0-301F-11D3-BF4B-00C04F79EFBC}") = "Assembly-CSharp", "Assembly-CSharp.csproj", "{8B989C36-26F1-5FB3-F6A0-53482E421BBB}"
EndProject
Project("{FAE04EC0-301F-11D3-BF4B-00C04F79EFBC}") = "Assembly-CSharp-Editor", "Assembly-CSharp-Editor.csproj", "{0957BB62-C001-7185-4922-8EF78112C2B9}"
EndProject
Global
	GlobalSection(SolutionConfigurationPlatforms) = preSolution
		Debug|Any CPU = Debug|Any CPU
		Release|Any CPU = Release|Any CPU
	EndGlobalSection
	GlobalSection(ProjectConfigurationPlatforms) = postSolution
		{8B989C36-26F1-5FB3-F6A0-53482E421BBB}.Debug|Any CPU.ActiveCfg = Debug|Any CPU
		{8B989C36-26F1-5FB3-F6A0-53482E421BBB}.Debug|Any CPU.Build.0 = Debug|Any CPU
		{8B989C36-26F1-5FB3-F6A0-53482E421BBB}.Release|Any CPU.ActiveCfg = Release|Any CPU
		{8B989C36-26F1-5FB3-F6A0-53482E421BBB}.Release|Any CPU.Build.0 = Release|Any CPU
		{0957BB62-C001-7185-4922-8EF78112C2B9}.Debug|Any CPU.ActiveCfg = Debug|Any CPU
		{0957BB62-C001-7185-4922-8EF78112C2B9}.Debug|Any CPU.Build.0 = Debug|Any CPU
		{0957BB62-C001-7185-4922-8EF78112C2B9}.Release|Any CPU.ActiveCfg = Release|Any CPU
		{0957BB62-C001-7185-4922-8EF78112C2B9}.Release|Any CPU.Build.0 = Release|Any CPU
	EndGlobalSection
	GlobalSection(SolutionProperties) = preSolution
		HideSolutionNode = FALSE
	EndGlobalSection
EndGlobal
